{
  "version": 4,
  "terraform_version": "1.0.11",
  "serial": 3,
  "lineage": "bf311227-f1dc-6211-70b4-b061b8bef5d8",
  "outputs": {
    "example": {
      "value": "test",
      "type": "string"
    },
    "example2": {
      "value": "test",
      "type": "string"
    },
    "example_list": {
      "value": [
        "test"
      ],
      "type": [
        "list",
        "string"
      ]
    },
    "example_map": {
      "value": {
        "expected": "test"
      },
      "type": [
        "map",
        "string"
      ]
    }
  },
  "resources": [
    {
      "mode": "data",
      "type": "template_file",
      "name": "example",
      "provider": "provider[\"registry.terraform.io/hashicorp/template\"]",
      "instances": [
        {
          "schema_version": 0,
          "attributes": {
            "filename": null,
            "id": "9f86d081884c7d659a2feaa0c55ad015a3bf4f1b2b0b822cd15d6c15b0f00a08",
            "rendered": "test",
            "template": "test",
            "vars": null
          },
          "sensitive_attributes": []
        }
      ]
    },
    {
      "mode": "data",
      "type": "template_file",
      "name": "example2",
      "provider": "provider[\"registry.terraform.io/hashicorp/template\"]",
      "instances": [
        {
          "schema_version": 0,
          "attributes": {
            "filename": null,
            "id": "9f86d081884c7d659a2feaa0c55ad015a3bf4f1b2b0b822cd15d6c15b0f00a08",
            "rendered": "test",
            "template": "test",
            "vars": null
          },
          "sensitive_attributes": []
        }
      ]
    },
    {
      "mode": "managed",
      "type": "local_file",
      "name": "example",
      "provider": "provider[\"registry.terraform.io/hashicorp/local\"]",
      "instances": [
        {
          "schema_version": 0,
          "attributes": {
            "content": "test + test",
            "content_base64": null,
            "directory_permission": "0777",
            "file_permission": "0777",
            "filename": "example.txt",
            "id": "91dce2a64ab5d2abaeb58e8acbbdc71257ef5e3a",
            "sensitive_content": null,
            "source": null
          },
          "sensitive_attributes": [],
          "private": "bnVsbA==",
          "dependencies": [
            "data.template_file.example",
            "data.template_file.example2"
          ]
        }
      ]
    },
    {
      "mode": "managed",
      "type": "local_file",
      "name": "example2",
      "provider": "provider[\"registry.terraform.io/hashicorp/local\"]",
      "instances": [
        {
          "schema_version": 0,
          "attributes": {
            "content": "test",
            "content_base64": null,
            "directory_permission": "0777",
            "file_permission": "0777",
            "filename": "example2.txt",
            "id": "a94a8fe5ccb19ba61c4c0873d391e987982fbbd3",
            "sensitive_content": null,
            "source": null
          },
          "sensitive_attributes": [],
          "private": "bnVsbA==",
          "dependencies": [
            "data.template_file.example2"
          ]
        }
      ]
    }
  ]
}
